
Microsoft Visual Studio Solution File, Format Version 12.00
# Visual Studio Version 17
VisualStudioVersion = 17.14.36603.0 d17.14
MinimumVisualStudioVersion = 10.0.40219.1
Project("{FAE04EC0-301F-11D3-BF4B-00C04F79EFBC}") = "Ornek_Proje_2", "Ornek_Proje_2\Ornek_Proje_2.csproj", "{7DF3FEBB-40C7-4386-9576-24A9F82E7EDE}"
EndProject
Global
	GlobalSection(SolutionConfigurationPlatforms) = preSolution
		Debug|Any CPU = Debug|Any CPU
		Release|Any CPU = Release|Any CPU
	EndGlobalSection
	GlobalSection(ProjectConfigurationPlatforms) = postSolution
		{7DF3FEBB-40C7-4386-9576-24A9F82E7EDE}.Debug|Any CPU.ActiveCfg = Debug|Any CPU
		{7DF3FEBB-40C7-4386-9576-24A9F82E7EDE}.Debug|Any CPU.Build.0 = Debug|Any CPU
		{7DF3FEBB-40C7-4386-9576-24A9F82E7EDE}.Release|Any CPU.ActiveCfg = Release|Any CPU
		{7DF3FEBB-40C7-4386-9576-24A9F82E7EDE}.Release|Any CPU.Build.0 = Release|Any CPU
	EndGlobalSection
	GlobalSection(SolutionProperties) = preSolution
		HideSolutionNode = FALSE
	EndGlobalSection
	GlobalSection(ExtensibilityGlobals) = postSolution
		SolutionGuid = {90F6735E-F412-45FC-B88D-E37FF881DCEC}
	EndGlobalSection
EndGlobal
