
Microsoft Visual Studio Solution File, Format Version 12.00
# Visual Studio Version 17
VisualStudioVersion = 17.14.36616.10 d17.14
MinimumVisualStudioVersion = 10.0.40219.1
Project("{FAE04EC0-301F-11D3-BF4B-00C04F79EFBC}") = "Karar_Yapilari_Egzersiz", "Karar_Yapilari_Egzersiz\Karar_Yapilari_Egzersiz.csproj", "{AA5385C0-C19E-4D98-90C5-500C03B8019F}"
EndProject
Global
	GlobalSection(SolutionConfigurationPlatforms) = preSolution
		Debug|Any CPU = Debug|Any CPU
		Release|Any CPU = Release|Any CPU
	EndGlobalSection
	GlobalSection(ProjectConfigurationPlatforms) = postSolution
		{AA5385C0-C19E-4D98-90C5-500C03B8019F}.Debug|Any CPU.ActiveCfg = Debug|Any CPU
		{AA5385C0-C19E-4D98-90C5-500C03B8019F}.Debug|Any CPU.Build.0 = Debug|Any CPU
		{AA5385C0-C19E-4D98-90C5-500C03B8019F}.Release|Any CPU.ActiveCfg = Release|Any CPU
		{AA5385C0-C19E-4D98-90C5-500C03B8019F}.Release|Any CPU.Build.0 = Release|Any CPU
	EndGlobalSection
	GlobalSection(SolutionProperties) = preSolution
		HideSolutionNode = FALSE
	EndGlobalSection
	GlobalSection(ExtensibilityGlobals) = postSolution
		SolutionGuid = {842D97F8-BAC0-4696-B742-38D790503CA1}
	EndGlobalSection
EndGlobal
