
Microsoft Visual Studio Solution File, Format Version 12.00
# Visual Studio Version 17
VisualStudioVersion = 17.14.36603.0 d17.14
MinimumVisualStudioVersion = 10.0.40219.1
Project("{FAE04EC0-301F-11D3-BF4B-00C04F79EFBC}") = "Degiskenler_9", "Degiskenler_9\Degiskenler_9.csproj", "{89A2F15F-8C87-4194-BBA6-CAE09ADF36BE}"
EndProject
Global
	GlobalSection(SolutionConfigurationPlatforms) = preSolution
		Debug|Any CPU = Debug|Any CPU
		Release|Any CPU = Release|Any CPU
	EndGlobalSection
	GlobalSection(ProjectConfigurationPlatforms) = postSolution
		{89A2F15F-8C87-4194-BBA6-CAE09ADF36BE}.Debug|Any CPU.ActiveCfg = Debug|Any CPU
		{89A2F15F-8C87-4194-BBA6-CAE09ADF36BE}.Debug|Any CPU.Build.0 = Debug|Any CPU
		{89A2F15F-8C87-4194-BBA6-CAE09ADF36BE}.Release|Any CPU.ActiveCfg = Release|Any CPU
		{89A2F15F-8C87-4194-BBA6-CAE09ADF36BE}.Release|Any CPU.Build.0 = Release|Any CPU
	EndGlobalSection
	GlobalSection(SolutionProperties) = preSolution
		HideSolutionNode = FALSE
	EndGlobalSection
	GlobalSection(ExtensibilityGlobals) = postSolution
		SolutionGuid = {317FFFB1-E818-4835-B011-563EFE8FD7D8}
	EndGlobalSection
EndGlobal
